PODS:
  - AFNetworking (2.5.4):
    - AFNetworking/NSURLConnection (= 2.5.4)
    - AFNetworking/NSURLSession (= 2.5.4)
    - AFNetworking/Reachability (= 2.5.4)
    - AFNetworking/Security (= 2.5.4)
    - AFNetworking/Serialization (= 2.5.4)
    - AFNetworking/UIKit (= 2.5.4)
  - AFNetworking/NSURLConnection (2.5.4):
    - AFNetworking/Reachability
    - AFNetworking/Security
    - AFNetworking/Serialization
  - AFNetworking/NSURLSession (2.5.4):
    - AFNetworking/Reachability
    - AFNetworking/Security
    - AFNetworking/Serialization
  - AFNetworking/Reachability (2.5.4)
  - AFNetworking/Security (2.5.4)
  - AFNetworking/Serialization (2.5.4)
  - AFNetworking/UIKit (2.5.4):
    - AFNetworking/NSURLConnection
    - AFNetworking/NSURLSession
  - Expecta (1.0.0)
  - OCMock (3.1.2)
  - OHHTTPStubs (4.0.2)
  - SSKeychain (1.2.3)
  - XNGAPIClient (1.2.0):
    - XNGAPIClient/Core (= 1.2.0)
  - XNGAPIClient/Core (1.2.0):
    - SSKeychain (~> 1.2.0)
    - XNGOAuth1Client (~> 2.0.0)
  - XNGAPIClientTester (0.1.0):
    - Expecta
    - OHHTTPStubs
    - XNGAPIClient
  - XNGOAuth1Client (2.0.1):
    - AFNetworking (~> 2.0)

DEPENDENCIES:
  - Expecta
  - OCMock
  - XNGAPIClientTester (from `../XNGAPIClientTester.podspec`)

EXTERNAL SOURCES:
  XNGAPIClientTester:
    :path: "../XNGAPIClientTester.podspec"

SPEC CHECKSUMS:
  AFNetworking: 05edc0ac4c4c8cf57bcf4b84be5b0744b6d8e71e
  Expecta: 32604574add2c46a36f8d2f716b6c5736eb75024
  OCMock: a10ea9f0a6e921651f96f78b6faee95ebc813b92
  OHHTTPStubs: dbd1957d414659783e07b49c961940b7564c23d9
  SSKeychain: 3f42991739c6c60a9cf1bbd4dff6c0d3694bcf3d
  XNGAPIClient: a0b983e6c4fd5cf8f41d230f7003e9ca4c0ffb6b
  XNGAPIClientTester: 4ba461d003949db99978eae02d562fe2b74beb70
  XNGOAuth1Client: 31e9b13bc313c7045503d06e89901798257a817b

COCOAPODS: 0.37.2
