PODS:
  - AFNetworking (1.3.3)
  - AFOAuth1Client (0.3.1):
    - AFNetworking (~> 1.3)
  - Expecta (0.2.4)
  - OCMock (2.2.3)
  - OHHTTPStubs (3.0.4)
  - SSKeychain (1.2.0)
  - XNGAPIClient (0.2.0):
    - AFNetworking (~> 1.3.0)
    - AFOAuth1Client (= 0.3.1)
    - SSKeychain (= 1.2.0)
  - XNGAPIClientTester (0.1.0):
    - Expecta (~> 0.2.1)
    - OHHTTPStubs (~> 3.0.2)
    - XNGAPIClient

DEPENDENCIES:
  - Expecta
  - OCMock
  - XNGAPIClientTester (from `../XNGAPIClientTester.podspec`)

EXTERNAL SOURCES:
  XNGAPIClientTester:
    :path: "../XNGAPIClientTester.podspec"

SPEC CHECKSUMS:
  AFNetworking: 127629aef6e631d57291c25154defc678c8a7337
  AFOAuth1Client: 592c8d3fa211b633ca275954653507435d3de504
  Expecta: cfaf1d3e2e194ca704a25e997093d30a1ce70b61
  OCMock: d2a4f33dcdd80da8af651eda9a598646c9bcc0b5
  OHHTTPStubs: 32947621778de87d82590d57db44bbf79b5d9168
  SSKeychain: f8f2bd6ff794090d0c403f70eb7289d23985d353
  XNGAPIClient: 57c5b42e30e02cd70e361413fd78cbcff8810938
  XNGAPIClientTester: 7e5baaee8be9d373c250b799db8febb727332e8b

COCOAPODS: 0.37.2
