PODS:
  - AFNetworking (1.3.3)
  - AFOAuth1Client (0.3.1):
    - AFNetworking (~> 1.3)
  - Expecta (0.2.4)
  - OHHTTPStubs (3.0.4)
  - SSKeychain (1.2.0)
  - XNGAPIClient (0.1.1):
    - AFNetworking (~> 1.3.0)
    - AFOAuth1Client (= 0.3.1)
    - SSKeychain (= 1.2.0)
  - XNGAPIClientTester (0.0.3):
    - Expecta (~> 0.2.1)
    - OHHTTPStubs (~> 3.0.2)
    - XNGAPIClient (~> 0.1.0)

DEPENDENCIES:
  - XNGAPIClientTester (from `../`)

EXTERNAL SOURCES:
  XNGAPIClientTester:
    :path: ../

SPEC CHECKSUMS:
  AFNetworking: 61fdd49e2ffe6380378df37b3b6e70630bb9dd66
  AFOAuth1Client: 8e83e357129c6dd4511dbb77b03977b206383dc1
  Expecta: 5c147dedfea5fbcf773995f7e65020abcc936ce5
  OHHTTPStubs: 711cd3376438340d0c2538f66d6e9c1b3e8c5b7d
  SSKeychain: 2fe90c92034129d9615a508529b601a520f297d1
  XNGAPIClient: fcc24760ed78c360e438572af9f4d3b17b203615
  XNGAPIClientTester: 3c37fb760605db7aedc0d869d57ad9f1797a9b45

COCOAPODS: 0.29.0
